
Microsoft Visual Studio Solution File, Format Version 12.00
# Visual Studio Version 16
VisualStudioVersion = 16.0.29911.98
MinimumVisualStudioVersion = 10.0.40219.1
Project("{9A19103F-16F7-4668-BE54-9A1E7A4F7556}") = "iBanFirst.NET", "iBanFirst.NET\iBanFirst.NET.csproj", "{1999155C-9238-4F75-8572-508C42984B22}"
EndProject
Project("{FAE04EC0-301F-11D3-BF4B-00C04F79EFBC}") = "iBanFirst.NET.Tests", "iBanFirst.NET.Tests\iBanFirst.NET.Tests.csproj", "{23767F3A-485F-41A7-886C-3664E2EB9417}"
EndProject
Global
	GlobalSection(SolutionConfigurationPlatforms) = preSolution
		Debug|Any CPU = Debug|Any CPU
		Release|Any CPU = Release|Any CPU
	EndGlobalSection
	GlobalSection(ProjectConfigurationPlatforms) = postSolution
		{1999155C-9238-4F75-8572-508C42984B22}.Debug|Any CPU.ActiveCfg = Debug|Any CPU
		{1999155C-9238-4F75-8572-508C42984B22}.Debug|Any CPU.Build.0 = Debug|Any CPU
		{1999155C-9238-4F75-8572-508C42984B22}.Release|Any CPU.ActiveCfg = Release|Any CPU
		{1999155C-9238-4F75-8572-508C42984B22}.Release|Any CPU.Build.0 = Release|Any CPU
		{23767F3A-485F-41A7-886C-3664E2EB9417}.Debug|Any CPU.ActiveCfg = Debug|Any CPU
		{23767F3A-485F-41A7-886C-3664E2EB9417}.Debug|Any CPU.Build.0 = Debug|Any CPU
		{23767F3A-485F-41A7-886C-3664E2EB9417}.Release|Any CPU.ActiveCfg = Release|Any CPU
		{23767F3A-485F-41A7-886C-3664E2EB9417}.Release|Any CPU.Build.0 = Release|Any CPU
	EndGlobalSection
	GlobalSection(SolutionProperties) = preSolution
		HideSolutionNode = FALSE
	EndGlobalSection
	GlobalSection(ExtensibilityGlobals) = postSolution
		SolutionGuid = {537E5B41-E9BC-40ED-9397-F0AFB893E86B}
	EndGlobalSection
EndGlobal
